// !$*UTF8*$!
{
	archiveVersion = 1;
	classes = {
	};
	objectVersion = 46;
	objects = {

/* Begin PBXBuildFile section */
		AD51CEED1B52AC2000F0FB27 /* AppDelegate.swift in Sources */ = {isa = PBXBuildFile; fileRef = AD51CEEC1B52AC2000F0FB27 /* AppDelegate.swift */; };
		AD51CEF01B52AC2000F0FB27 /* SwiftyDesignPattern.xcdatamodeld in Sources */ = {isa = PBXBuildFile; fileRef = AD51CEEE1B52AC2000F0FB27 /* SwiftyDesignPattern.xcdatamodeld */; };
		AD51CEF21B52AC2000F0FB27 /* ViewController.swift in Sources */ = {isa = PBXBuildFile; fileRef = AD51CEF11B52AC2000F0FB27 /* ViewController.swift */; };
		AD51CEF51B52AC2000F0FB27 /* Main.storyboard in Resources */ = {isa = PBXBuildFile; fileRef = AD51CEF31B52AC2000F0FB27 /* Main.storyboard */; };
		AD51CEF71B52AC2000F0FB27 /* Images.xcassets in Resources */ = {isa = PBXBuildFile; fileRef = AD51CEF61B52AC2000F0FB27 /* Images.xcassets */; };
		AD51CEFA1B52AC2000F0FB27 /* LaunchScreen.xib in Resources */ = {isa = PBXBuildFile; fileRef = AD51CEF81B52AC2000F0FB27 /* LaunchScreen.xib */; };
		AD51CF061B52AC2000F0FB27 /* SwiftyDesignPatternTests.swift in Sources */ = {isa = PBXBuildFile; fileRef = AD51CF051B52AC2000F0FB27 /* SwiftyDesignPatternTests.swift */; };
/* End PBXBuildFile section */

/* Begin PBXContainerItemProxy section */
		AD51CF001B52AC2000F0FB27 /* PBXContainerItemProxy */ = {
			isa = PBXContainerItemProxy;
			containerPortal = AD51CEDF1B52AC2000F0FB27 /* Project object */;
			proxyType = 1;
			remoteGlobalIDString = AD51CEE61B52AC2000F0FB27;
			remoteInfo = SwiftyDesignPattern;
		};
/* End PBXContainerItemProxy section */

/* Begin PBXFileReference section */
		AD1A743E1B5A448E0040CBBB /* TemplateMethod.playground */ = {isa = PBXFileReference; lastKnownFileType = file.playground; path = TemplateMethod.playground; sourceTree = "<group>"; };
		AD1A74401B5A4C780040CBBB /* Singleton.playground */ = {isa = PBXFileReference; lastKnownFileType = file.playground; path = Singleton.playground; sourceTree = "<group>"; };
		AD51CEE71B52AC2000F0FB27 /* SwiftyDesignPattern.app */ = {isa = PBXFileReference; explicitFileType = wrapper.application; includeInIndex = 0; path = SwiftyDesignPattern.app; sourceTree = BUILT_PRODUCTS_DIR; };
		AD51CEEB1B52AC2000F0FB27 /* Info.plist */ = {isa = PBXFileReference; lastKnownFileType = text.plist.xml; path = Info.plist; sourceTree = "<group>"; };
		AD51CEEC1B52AC2000F0FB27 /* AppDelegate.swift */ = {isa = PBXFileReference; lastKnownFileType = sourcecode.swift; path = AppDelegate.swift; sourceTree = "<group>"; };
		AD51CEEF1B52AC2000F0FB27 /* SwiftyDesignPattern.xcdatamodel */ = {isa = PBXFileReference; lastKnownFileType = wrapper.xcdatamodel; path = SwiftyDesignPattern.xcdatamodel; sourceTree = "<group>"; };
		AD51CEF11B52AC2000F0FB27 /* ViewController.swift */ = {isa = PBXFileReference; lastKnownFileType = sourcecode.swift; path = ViewController.swift; sourceTree = "<group>"; };
		AD51CEF41B52AC2000F0FB27 /* Base */ = {isa = PBXFileReference; lastKnownFileType = file.storyboard; name = Base; path = Base.lproj/Main.storyboard; sourceTree = "<group>"; };
		AD51CEF61B52AC2000F0FB27 /* Images.xcassets */ = {isa = PBXFileReference; lastKnownFileType = folder.assetcatalog; path = Images.xcassets; sourceTree = "<group>"; };
		AD51CEF91B52AC2000F0FB27 /* Base */ = {isa = PBXFileReference; lastKnownFileType = file.xib; name = Base; path = Base.lproj/LaunchScreen.xib; sourceTree = "<group>"; };
		AD51CEFF1B52AC2000F0FB27 /* SwiftyDesignPatternTests.xctest */ = {isa = PBXFileReference; explicitFileType = wrapper.cfbundle; includeInIndex = 0; path = SwiftyDesignPatternTests.xctest; sourceTree = BUILT_PRODUCTS_DIR; };
		AD51CF041B52AC2000F0FB27 /* Info.plist */ = {isa = PBXFileReference; lastKnownFileType = text.plist.xml; path = Info.plist; sourceTree = "<group>"; };
		AD51CF051B52AC2000F0FB27 /* SwiftyDesignPatternTests.swift */ = {isa = PBXFileReference; lastKnownFileType = sourcecode.swift; path = SwiftyDesignPatternTests.swift; sourceTree = "<group>"; };
		AD51CF101B52AC3B00F0FB27 /* Builder.playground */ = {isa = PBXFileReference; lastKnownFileType = file.playground; path = Builder.playground; sourceTree = "<group>"; };
		AD51CF121B5A0C3300F0FB27 /* FactoryMethod.playground */ = {isa = PBXFileReference; lastKnownFileType = file.playground; path = FactoryMethod.playground; sourceTree = "<group>"; };
		AD51CF141B5A2B6A00F0FB27 /* Iterator.playground */ = {isa = PBXFileReference; lastKnownFileType = file.playground; path = Iterator.playground; sourceTree = "<group>"; };
		AD51CF161B5A34EF00F0FB27 /* Adapter.playground */ = {isa = PBXFileReference; lastKnownFileType = file.playground; path = Adapter.playground; sourceTree = "<group>"; };
/* End PBXFileReference section */

/* Begin PBXFrameworksBuildPhase section */
		AD51CEE41B52AC2000F0FB27 /* Frameworks */ = {
			isa = PBXFrameworksBuildPhase;
			buildActionMask = 2147483647;
			files = (
			);
			runOnlyForDeploymentPostprocessing = 0;
		};
		AD51CEFC1B52AC2000F0FB27 /* Frameworks */ = {
			isa = PBXFrameworksBuildPhase;
			buildActionMask = 2147483647;
			files = (
			);
			runOnlyForDeploymentPostprocessing = 0;
		};
/* End PBXFrameworksBuildPhase section */

/* Begin PBXGroup section */
		AD1A743D1B5A445D0040CBBB /* TemplateMethod */ = {
			isa = PBXGroup;
			children = (
				AD1A743E1B5A448E0040CBBB /* TemplateMethod.playground */,
			);
			name = TemplateMethod;
			sourceTree = "<group>";
		};
		AD1A743F1B5A4C5C0040CBBB /* Singleton */ = {
			isa = PBXGroup;
			children = (
				AD1A74401B5A4C780040CBBB /* Singleton.playground */,
			);
			name = Singleton;
			sourceTree = "<group>";
		};
		AD51CEDE1B52AC2000F0FB27 = {
			isa = PBXGroup;
			children = (
				AD51CEE91B52AC2000F0FB27 /* SwiftyDesignPattern */,
				AD51CF021B52AC2000F0FB27 /* SwiftyDesignPatternTests */,
				AD51CEE81B52AC2000F0FB27 /* Products */,
			);
			sourceTree = "<group>";
		};
		AD51CEE81B52AC2000F0FB27 /* Products */ = {
			isa = PBXGroup;
			children = (
				AD51CEE71B52AC2000F0FB27 /* SwiftyDesignPattern.app */,
				AD51CEFF1B52AC2000F0FB27 /* SwiftyDesignPatternTests.xctest */,
			);
			name = Products;
			sourceTree = "<group>";
		};
		AD51CEE91B52AC2000F0FB27 /* SwiftyDesignPattern */ = {
			isa = PBXGroup;
			children = (
				AD51CF131B5A2B5600F0FB27 /* Iterator */,
				AD51CF151B5A34DB00F0FB27 /* Adapter */,
				AD1A743D1B5A445D0040CBBB /* TemplateMethod */,
				AD51CF111B5A0C2200F0FB27 /* FactoryMethod */,
				AD1A743F1B5A4C5C0040CBBB /* Singleton */,
				AD51CF0F1B52AC2800F0FB27 /* Builder */,
				AD51CEEC1B52AC2000F0FB27 /* AppDelegate.swift */,
				AD51CEF11B52AC2000F0FB27 /* ViewController.swift */,
				AD51CEF31B52AC2000F0FB27 /* Main.storyboard */,
				AD51CEF61B52AC2000F0FB27 /* Images.xcassets */,
				AD51CEEA1B52AC2000F0FB27 /* Supporting Files */,
			);
			path = SwiftyDesignPattern;
			sourceTree = "<group>";
		};
		AD51CEEA1B52AC2000F0FB27 /* Supporting Files */ = {
			isa = PBXGroup;
			children = (
				AD51CEF81B52AC2000F0FB27 /* LaunchScreen.xib */,
				AD51CEEE1B52AC2000F0FB27 /* SwiftyDesignPattern.xcdatamodeld */,
				AD51CEEB1B52AC2000F0FB27 /* Info.plist */,
			);
			name = "Supporting Files";
			sourceTree = "<group>";
		};
		AD51CF021B52AC2000F0FB27 /* SwiftyDesignPatternTests */ = {
			isa = PBXGroup;
			children = (
				AD51CF051B52AC2000F0FB27 /* SwiftyDesignPatternTests.swift */,
				AD51CF031B52AC2000F0FB27 /* Supporting Files */,
			);
			path = SwiftyDesignPatternTests;
			sourceTree = "<group>";
		};
		AD51CF031B52AC2000F0FB27 /* Supporting Files */ = {
			isa = PBXGroup;
			children = (
				AD51CF041B52AC2000F0FB27 /* Info.plist */,
			);
			name = "Supporting Files";
			sourceTree = "<group>";
		};
		AD51CF0F1B52AC2800F0FB27 /* Builder */ = {
			isa = PBXGroup;
			children = (
				AD51CF101B52AC3B00F0FB27 /* Builder.playground */,
			);
			name = Builder;
			sourceTree = "<group>";
		};
		AD51CF111B5A0C2200F0FB27 /* FactoryMethod */ = {
			isa = PBXGroup;
			children = (
				AD51CF121B5A0C3300F0FB27 /* FactoryMethod.playground */,
			);
			name = FactoryMethod;
			sourceTree = "<group>";
		};
		AD51CF131B5A2B5600F0FB27 /* Iterator */ = {
			isa = PBXGroup;
			children = (
				AD51CF141B5A2B6A00F0FB27 /* Iterator.playground */,
			);
			name = Iterator;
			sourceTree = "<group>";
		};
		AD51CF151B5A34DB00F0FB27 /* Adapter */ = {
			isa = PBXGroup;
			children = (
				AD51CF161B5A34EF00F0FB27 /* Adapter.playground */,
			);
			name = Adapter;
			sourceTree = "<group>";
		};
/* End PBXGroup section */

/* Begin PBXNativeTarget section */
		AD51CEE61B52AC2000F0FB27 /* SwiftyDesignPattern */ = {
			isa = PBXNativeTarget;
			buildConfigurationList = AD51CF091B52AC2000F0FB27 /* Build configuration list for PBXNativeTarget "SwiftyDesignPattern" */;
			buildPhases = (
				AD51CEE31B52AC2000F0FB27 /* Sources */,
				AD51CEE41B52AC2000F0FB27 /* Frameworks */,
				AD51CEE51B52AC2000F0FB27 /* Resources */,
			);
			buildRules = (
			);
			dependencies = (
			);
			name = SwiftyDesignPattern;
			productName = SwiftyDesignPattern;
			productReference = AD51CEE71B52AC2000F0FB27 /* SwiftyDesignPattern.app */;
			productType = "com.apple.product-type.application";
		};
		AD51CEFE1B52AC2000F0FB27 /* SwiftyDesignPatternTests */ = {
			isa = PBXNativeTarget;
			buildConfigurationList = AD51CF0C1B52AC2000F0FB27 /* Build configuration list for PBXNativeTarget "SwiftyDesignPatternTests" */;
			buildPhases = (
				AD51CEFB1B52AC2000F0FB27 /* Sources */,
				AD51CEFC1B52AC2000F0FB27 /* Frameworks */,
				AD51CEFD1B52AC2000F0FB27 /* Resources */,
			);
			buildRules = (
			);
			dependencies = (
				AD51CF011B52AC2000F0FB27 /* PBXTargetDependency */,
			);
			name = SwiftyDesignPatternTests;
			productName = SwiftyDesignPatternTests;
			productReference = AD51CEFF1B52AC2000F0FB27 /* SwiftyDesignPatternTests.xctest */;
			productType = "com.apple.product-type.bundle.unit-test";
		};
/* End PBXNativeTarget section */

/* Begin PBXProject section */
		AD51CEDF1B52AC2000F0FB27 /* Project object */ = {
			isa = PBXProject;
			attributes = {
				LastSwiftMigration = 0700;
				LastSwiftUpdateCheck = 0700;
				LastUpgradeCheck = 0700;
				ORGANIZATIONNAME = "Takuya Yokoyama";
				TargetAttributes = {
					AD51CEE61B52AC2000F0FB27 = {
						CreatedOnToolsVersion = 6.3.1;
					};
					AD51CEFE1B52AC2000F0FB27 = {
						CreatedOnToolsVersion = 6.3.1;
						TestTargetID = AD51CEE61B52AC2000F0FB27;
					};
				};
			};
			buildConfigurationList = AD51CEE21B52AC2000F0FB27 /* Build configuration list for PBXProject "SwiftyDesignPattern" */;
			compatibilityVersion = "Xcode 3.2";
			developmentRegion = English;
			hasScannedForEncodings = 0;
			knownRegions = (
				en,
				Base,
			);
			mainGroup = AD51CEDE1B52AC2000F0FB27;
			productRefGroup = AD51CEE81B52AC2000F0FB27 /* Products */;
			projectDirPath = "";
			projectRoot = "";
			targets = (
				AD51CEE61B52AC2000F0FB27 /* SwiftyDesignPattern */,
				AD51CEFE1B52AC2000F0FB27 /* SwiftyDesignPatternTests */,
			);
		};
/* End PBXProject section */

/* Begin PBXResourcesBuildPhase section */
		AD51CEE51B52AC2000F0FB27 /* Resources */ = {
			isa = PBXResourcesBuildPhase;
			buildActionMask = 2147483647;
			files = (
				AD51CEF51B52AC2000F0FB27 /* Main.storyboard in Resources */,
				AD51CEFA1B52AC2000F0FB27 /* LaunchScreen.xib in Resources */,
				AD51CEF71B52AC2000F0FB27 /* Images.xcassets in Resources */,
			);
			runOnlyForDeploymentPostprocessing = 0;
		};
		AD51CEFD1B52AC2000F0FB27 /* Resources */ = {
			isa = PBXResourcesBuildPhase;
			buildActionMask = 2147483647;
			files = (
			);
			runOnlyForDeploymentPostprocessing = 0;
		};
/* End PBXResourcesBuildPhase section */

/* Begin PBXSourcesBuildPhase section */
		AD51CEE31B52AC2000F0FB27 /* Sources */ = {
			isa = PBXSourcesBuildPhase;
			buildActionMask = 2147483647;
			files = (
				AD51CEF21B52AC2000F0FB27 /* ViewController.swift in Sources */,
				AD51CEF01B52AC2000F0FB27 /* SwiftyDesignPattern.xcdatamodeld in Sources */,
				AD51CEED1B52AC2000F0FB27 /* AppDelegate.swift in Sources */,
			);
			runOnlyForDeploymentPostprocessing = 0;
		};
		AD51CEFB1B52AC2000F0FB27 /* Sources */ = {
			isa = PBXSourcesBuildPhase;
			buildActionMask = 2147483647;
			files = (
				AD51CF061B52AC2000F0FB27 /* SwiftyDesignPatternTests.swift in Sources */,
			);
			runOnlyForDeploymentPostprocessing = 0;
		};
/* End PBXSourcesBuildPhase section */

/* Begin PBXTargetDependency section */
		AD51CF011B52AC2000F0FB27 /* PBXTargetDependency */ = {
			isa = PBXTargetDependency;
			target = AD51CEE61B52AC2000F0FB27 /* SwiftyDesignPattern */;
			targetProxy = AD51CF001B52AC2000F0FB27 /* PBXContainerItemProxy */;
		};
/* End PBXTargetDependency section */

/* Begin PBXVariantGroup section */
		AD51CEF31B52AC2000F0FB27 /* Main.storyboard */ = {
			isa = PBXVariantGroup;
			children = (
				AD51CEF41B52AC2000F0FB27 /* Base */,
			);
			name = Main.storyboard;
			sourceTree = "<group>";
		};
		AD51CEF81B52AC2000F0FB27 /* LaunchScreen.xib */ = {
			isa = PBXVariantGroup;
			children = (
				AD51CEF91B52AC2000F0FB27 /* Base */,
			);
			name = LaunchScreen.xib;
			sourceTree = "<group>";
		};
/* End PBXVariantGroup section */

/* Begin XCBuildConfiguration section */
		AD51CF071B52AC2000F0FB27 /* Debug */ = {
			isa = XCBuildConfiguration;
			buildSettings = {
				ALWAYS_SEARCH_USER_PATHS = NO;
				CLANG_CXX_LANGUAGE_STANDARD = "gnu++0x";
				CLANG_CXX_LIBRARY = "libc++";
				CLANG_ENABLE_MODULES = YES;
				CLANG_ENABLE_OBJC_ARC = YES;
				CLANG_WARN_BOOL_CONVERSION = YES;
				CLANG_WARN_CONSTANT_CONVERSION = YES;
				CLANG_WARN_DIRECT_OBJC_ISA_USAGE = YES_ERROR;
				CLANG_WARN_EMPTY_BODY = YES;
				CLANG_WARN_ENUM_CONVERSION = YES;
				CLANG_WARN_INT_CONVERSION = YES;
				CLANG_WARN_OBJC_ROOT_CLASS = YES_ERROR;
				CLANG_WARN_UNREACHABLE_CODE = YES;
				CLANG_WARN__DUPLICATE_METHOD_MATCH = YES;
				"CODE_SIGN_IDENTITY[sdk=iphoneos*]" = "iPhone Developer";
				COPY_PHASE_STRIP = NO;
				DEBUG_INFORMATION_FORMAT = "dwarf-with-dsym";
				ENABLE_STRICT_OBJC_MSGSEND = YES;
				ENABLE_TESTABILITY = YES;
				GCC_C_LANGUAGE_STANDARD = gnu99;
				GCC_DYNAMIC_NO_PIC = NO;
				GCC_NO_COMMON_BLOCKS = YES;
				GCC_OPTIMIZATION_LEVEL = 0;
				GCC_PREPROCESSOR_DEFINITIONS = (
					"DEBUG=1",
					"$(inherited)",
				);
				GCC_SYMBOLS_PRIVATE_EXTERN = NO;
				GCC_WARN_64_TO_32_BIT_CONVERSION = YES;
				GCC_WARN_ABOUT_RETURN_TYPE = YES_ERROR;
				GCC_WARN_UNDECLARED_SELECTOR = YES;
				GCC_WARN_UNINITIALIZED_AUTOS = YES_AGGRESSIVE;
				GCC_WARN_UNUSED_FUNCTION = YES;
				GCC_WARN_UNUSED_VARIABLE = YES;
				IPHONEOS_DEPLOYMENT_TARGET = 8.3;
				MTL_ENABLE_DEBUG_INFO = YES;
				ONLY_ACTIVE_ARCH = YES;
				SDKROOT = iphoneos;
				SWIFT_OPTIMIZATION_LEVEL = "-Onone";
			};
			name = Debug;
		};
		AD51CF081B52AC2000F0FB27 /* Release */ = {
			isa = XCBuildConfiguration;
			buildSettings = {
				ALWAYS_SEARCH_USER_PATHS = NO;
				CLANG_CXX_LANGUAGE_STANDARD = "gnu++0x";
				CLANG_CXX_LIBRARY = "libc++";
				CLANG_ENABLE_MODULES = YES;
				CLANG_ENABLE_OBJC_ARC = YES;
				CLANG_WARN_BOOL_CONVERSION = YES;
				CLANG_WARN_CONSTANT_CONVERSION = YES;
				CLANG_WARN_DIRECT_OBJC_ISA_USAGE = YES_ERROR;
				CLANG_WARN_EMPTY_BODY = YES;
				CLANG_WARN_ENUM_CONVERSION = YES;
				CLANG_WARN_INT_CONVERSION = YES;
				CLANG_WARN_OBJC_ROOT_CLASS = YES_ERROR;
				CLANG_WARN_UNREACHABLE_CODE = YES;
				CLANG_WARN__DUPLICATE_METHOD_MATCH = YES;
				"CODE_SIGN_IDENTITY[sdk=iphoneos*]" = "iPhone Developer";
				COPY_PHASE_STRIP = NO;
				DEBUG_INFORMATION_FORMAT = "dwarf-with-dsym";
				ENABLE_NS_ASSERTIONS = NO;
				ENABLE_STRICT_OBJC_MSGSEND = YES;
				GCC_C_LANGUAGE_STANDARD = gnu99;
				GCC_NO_COMMON_BLOCKS = YES;
				GCC_WARN_64_TO_32_BIT_CONVERSION = YES;
				GCC_WARN_ABOUT_RETURN_TYPE = YES_ERROR;
				GCC_WARN_UNDECLARED_SELECTOR = YES;
				GCC_WARN_UNINITIALIZED_AUTOS = YES_AGGRESSIVE;
				GCC_WARN_UNUSED_FUNCTION = YES;
				GCC_WARN_UNUSED_VARIABLE = YES;
				IPHONEOS_DEPLOYMENT_TARGET = 8.3;
				MTL_ENABLE_DEBUG_INFO = NO;
				SDKROOT = iphoneos;
				VALIDATE_PRODUCT = YES;
			};
			name = Release;
		};
		AD51CF0A1B52AC2000F0FB27 /* Debug */ = {
			isa = XCBuildConfiguration;
			buildSettings = {
				ASSETCATALOG_COMPILER_APPICON_NAME = AppIcon;
				INFOPLIST_FILE = SwiftyDesignPattern/Info.plist;
				LD_RUNPATH_SEARCH_PATHS = "$(inherited) @executable_path/Frameworks";
				PRODUCT_BUNDLE_IDENTIFIER = "Takuya-Yokoyama.$(PRODUCT_NAME:rfc1034identifier)";
				PRODUCT_NAME = "$(TARGET_NAME)";
			};
			name = Debug;
		};
		AD51CF0B1B52AC2000F0FB27 /* Release */ = {
			isa = XCBuildConfiguration;
			buildSettings = {
				ASSETCATALOG_COMPILER_APPICON_NAME = AppIcon;
				INFOPLIST_FILE = SwiftyDesignPattern/Info.plist;
				LD_RUNPATH_SEARCH_PATHS = "$(inherited) @executable_path/Frameworks";
				PRODUCT_BUNDLE_IDENTIFIER = "Takuya-Yokoyama.$(PRODUCT_NAME:rfc1034identifier)";
				PRODUCT_NAME = "$(TARGET_NAME)";
			};
			name = Release;
		};
		AD51CF0D1B52AC2000F0FB27 /* Debug */ = {
			isa = XCBuildConfiguration;
			buildSettings = {
				BUNDLE_LOADER = "$(TEST_HOST)";
				FRAMEWORK_SEARCH_PATHS = (
					"$(SDKROOT)/Developer/Library/Frameworks",
					"$(inherited)",
				);
				GCC_PREPROCESSOR_DEFINITIONS = (
					"DEBUG=1",
					"$(inherited)",
				);
				INFOPLIST_FILE = SwiftyDesignPatternTests/Info.plist;
				LD_RUNPATH_SEARCH_PATHS = "$(inherited) @executable_path/Frameworks @loader_path/Frameworks";
				PRODUCT_BUNDLE_IDENTIFIER = "Takuya-Yokoyama.$(PRODUCT_NAME:rfc1034identifier)";
				PRODUCT_NAME = "$(TARGET_NAME)";
				TEST_HOST = "$(BUILT_PRODUCTS_DIR)/SwiftyDesignPattern.app/SwiftyDesignPattern";
			};
			name = Debug;
		};
		AD51CF0E1B52AC2000F0FB27 /* Release */ = {
			isa = XCBuildConfiguration;
			buildSettings = {
				BUNDLE_LOADER = "$(TEST_HOST)";
				FRAMEWORK_SEARCH_PATHS = (
					"$(SDKROOT)/Developer/Library/Frameworks",
					"$(inherited)",
				);
				INFOPLIST_FILE = SwiftyDesignPatternTests/Info.plist;
				LD_RUNPATH_SEARCH_PATHS = "$(inherited) @executable_path/Frameworks @loader_path/Frameworks";
				PRODUCT_BUNDLE_IDENTIFIER = "Takuya-Yokoyama.$(PRODUCT_NAME:rfc1034identifier)";
				PRODUCT_NAME = "$(TARGET_NAME)";
				TEST_HOST = "$(BUILT_PRODUCTS_DIR)/SwiftyDesignPattern.app/SwiftyDesignPattern";
			};
			name = Release;
		};
/* End XCBuildConfiguration section */

/* Begin XCConfigurationList section */
		AD51CEE21B52AC2000F0FB27 /* Build configuration list for PBXProject "SwiftyDesignPattern" */ = {
			isa = XCConfigurationList;
			buildConfigurations = (
				AD51CF071B52AC2000F0FB27 /* Debug */,
				AD51CF081B52AC2000F0FB27 /* Release */,
			);
			defaultConfigurationIsVisible = 0;
			defaultConfigurationName = Release;
		};
		AD51CF091B52AC2000F0FB27 /* Build configuration list for PBXNativeTarget "SwiftyDesignPattern" */ = {
			isa = XCConfigurationList;
			buildConfigurations = (
				AD51CF0A1B52AC2000F0FB27 /* Debug */,
				AD51CF0B1B52AC2000F0FB27 /* Release */,
			);
			defaultConfigurationIsVisible = 0;
			defaultConfigurationName = Release;
		};
		AD51CF0C1B52AC2000F0FB27 /* Build configuration list for PBXNativeTarget "SwiftyDesignPatternTests" */ = {
			isa = XCConfigurationList;
			buildConfigurations = (
				AD51CF0D1B52AC2000F0FB27 /* Debug */,
				AD51CF0E1B52AC2000F0FB27 /* Release */,
			);
			defaultConfigurationIsVisible = 0;
			defaultConfigurationName = Release;
		};
/* End XCConfigurationList section */

/* Begin XCVersionGroup section */
		AD51CEEE1B52AC2000F0FB27 /* SwiftyDesignPattern.xcdatamodeld */ = {
			isa = XCVersionGroup;
			children = (
				AD51CEEF1B52AC2000F0FB27 /* SwiftyDesignPattern.xcdatamodel */,
			);
			currentVersion = AD51CEEF1B52AC2000F0FB27 /* SwiftyDesignPattern.xcdatamodel */;
			path = SwiftyDesignPattern.xcdatamodeld;
			sourceTree = "<group>";
			versionGroupType = wrapper.xcdatamodel;
		};
/* End XCVersionGroup section */
	};
	rootObject = AD51CEDF1B52AC2000F0FB27 /* Project object */;
}
